
Microsoft Visual Studio Solution File, Format Version 12.00
# Visual Studio Version 16
VisualStudioVersion = 16.0.29926.136
MinimumVisualStudioVersion = 10.0.40219.1
Project("{FAE04EC0-301F-11D3-BF4B-00C04F79EFBC}") = "Colorizer", "Colorizer\Colorizer.csproj", "{894E1FDD-9A3E-4C0C-A15E-29D45AF7AE03}"
EndProject
Global
	GlobalSection(SolutionConfigurationPlatforms) = preSolution
		Debug|Any CPU = Debug|Any CPU
		Release|Any CPU = Release|Any CPU
	EndGlobalSection
	GlobalSection(ProjectConfigurationPlatforms) = postSolution
		{894E1FDD-9A3E-4C0C-A15E-29D45AF7AE03}.Debug|Any CPU.ActiveCfg = Debug|Any CPU
		{894E1FDD-9A3E-4C0C-A15E-29D45AF7AE03}.Debug|Any CPU.Build.0 = Debug|Any CPU
		{894E1FDD-9A3E-4C0C-A15E-29D45AF7AE03}.Release|Any CPU.ActiveCfg = Release|Any CPU
		{894E1FDD-9A3E-4C0C-A15E-29D45AF7AE03}.Release|Any CPU.Build.0 = Release|Any CPU
	EndGlobalSection
	GlobalSection(SolutionProperties) = preSolution
		HideSolutionNode = FALSE
	EndGlobalSection
	GlobalSection(ExtensibilityGlobals) = postSolution
		SolutionGuid = {6787D7B2-6A7E-41C6-AB06-0ED3B60F4C44}
	EndGlobalSection
EndGlobal
